# THIS IS AN AUTOGENERATED FILE. DO NOT EDIT THIS FILE DIRECTLY.
# yarn lockfile v1


bs-platform@^6.2.1:
  version "6.2.1"
  resolved "https://registry.yarnpkg.com/bs-platform/-/bs-platform-6.2.1.tgz#30266c7f23a3b323e1fc9596a9a6eb9f053981b4"
  integrity sha512-FmQ8kYV52A0Y302qh6o0/J9TO+kHzsjGQnsjrg/ONUYIY/jWzBnt9dCBO6EBnaEKfFJLqk5JrUDCxuihqtTcnw==

rationale@^0.2.0:
  version "0.2.0"
  resolved "https://registry.yarnpkg.com/rationale/-/rationale-0.2.0.tgz#555ed4f3cc7cd0245faeac041d3769f1857e4f3d"
  integrity sha512-Pd8w5Inv1JhTfRyx03zs486CEAn6UKXvvOtxVRLsewngsBSffo3MQwUKYS75L/8vPt98wmf7iaZROx362/f7Bw==
